// !$*UTF8*$!
{
	archiveVersion = 1;
	classes = {
	};
	objectVersion = 55;
	objects = {

/* Begin PBXBuildFile section */
		4810C847279AF21700C33FE3 /* SecondaryVC.swift in Sources */ = {isa = PBXBuildFile; fileRef = 4810C846279AF21700C33FE3 /* SecondaryVC.swift */; };
		4810C85D279AFC3300C33FE3 /* Localizable.strings in Resources */ = {isa = PBXBuildFile; fileRef = 4810C85F279AFC3300C33FE3 /* Localizable.strings */; };
		48A8B658279A8C7900886984 /* AppDelegate.swift in Sources */ = {isa = PBXBuildFile; fileRef = 48A8B657279A8C7900886984 /* AppDelegate.swift */; };
		48A8B65A279A8C7900886984 /* SceneDelegate.swift in Sources */ = {isa = PBXBuildFile; fileRef = 48A8B659279A8C7900886984 /* SceneDelegate.swift */; };
		48A8B65C279A8C7900886984 /* PrimaryVC.swift in Sources */ = {isa = PBXBuildFile; fileRef = 48A8B65B279A8C7900886984 /* PrimaryVC.swift */; };
		48A8B661279A8C7D00886984 /* Assets.xcassets in Resources */ = {isa = PBXBuildFile; fileRef = 48A8B660279A8C7D00886984 /* Assets.xcassets */; };
		48A8B664279A8C7D00886984 /* LaunchScreen.storyboard in Resources */ = {isa = PBXBuildFile; fileRef = 48A8B662279A8C7D00886984 /* LaunchScreen.storyboard */; };
/* End PBXBuildFile section */

/* Begin PBXFileReference section */
		4810C846279AF21700C33FE3 /* SecondaryVC.swift */ = {isa = PBXFileReference; lastKnownFileType = sourcecode.swift; path = SecondaryVC.swift; sourceTree = "<group>"; };
		4810C85E279AFC3300C33FE3 /* en */ = {isa = PBXFileReference; lastKnownFileType = text.plist.strings; name = en; path = en.lproj/Localizable.strings; sourceTree = "<group>"; };
		48A8B654279A8C7900886984 /* SideBarApp.app */ = {isa = PBXFileReference; explicitFileType = wrapper.application; includeInIndex = 0; path = SideBarApp.app; sourceTree = BUILT_PRODUCTS_DIR; };
		48A8B657279A8C7900886984 /* AppDelegate.swift */ = {isa = PBXFileReference; lastKnownFileType = sourcecode.swift; path = AppDelegate.swift; sourceTree = "<group>"; };
		48A8B659279A8C7900886984 /* SceneDelegate.swift */ = {isa = PBXFileReference; lastKnownFileType = sourcecode.swift; path = SceneDelegate.swift; sourceTree = "<group>"; };
		48A8B65B279A8C7900886984 /* PrimaryVC.swift */ = {isa = PBXFileReference; lastKnownFileType = sourcecode.swift; path = PrimaryVC.swift; sourceTree = "<group>"; };
		48A8B660279A8C7D00886984 /* Assets.xcassets */ = {isa = PBXFileReference; lastKnownFileType = folder.assetcatalog; path = Assets.xcassets; sourceTree = "<group>"; };
		48A8B663279A8C7D00886984 /* Base */ = {isa = PBXFileReference; lastKnownFileType = file.storyboard; name = Base; path = Base.lproj/LaunchScreen.storyboard; sourceTree = "<group>"; };
		48A8B665279A8C7D00886984 /* Info.plist */ = {isa = PBXFileReference; lastKnownFileType = text.plist.xml; path = Info.plist; sourceTree = "<group>"; };
/* End PBXFileReference section */

/* Begin PBXFrameworksBuildPhase section */
		48A8B651279A8C7900886984 /* Frameworks */ = {
			isa = PBXFrameworksBuildPhase;
			buildActionMask = 2147483647;
			files = (
			);
			runOnlyForDeploymentPostprocessing = 0;
		};
/* End PBXFrameworksBuildPhase section */

/* Begin PBXGroup section */
		48A8B64B279A8C7900886984 = {
			isa = PBXGroup;
			children = (
				48A8B656279A8C7900886984 /* SideBarApp */,
				48A8B655279A8C7900886984 /* Products */,
			);
			sourceTree = "<group>";
		};
		48A8B655279A8C7900886984 /* Products */ = {
			isa = PBXGroup;
			children = (
				48A8B654279A8C7900886984 /* SideBarApp.app */,
			);
			name = Products;
			sourceTree = "<group>";
		};
		48A8B656279A8C7900886984 /* SideBarApp */ = {
			isa = PBXGroup;
			children = (
				48A8B66B279A933C00886984 /* App */,
				48A8B65B279A8C7900886984 /* PrimaryVC.swift */,
				4810C846279AF21700C33FE3 /* SecondaryVC.swift */,
				4810C85F279AFC3300C33FE3 /* Localizable.strings */,
				48A8B660279A8C7D00886984 /* Assets.xcassets */,
				48A8B662279A8C7D00886984 /* LaunchScreen.storyboard */,
				48A8B665279A8C7D00886984 /* Info.plist */,
			);
			path = SideBarApp;
			sourceTree = "<group>";
		};
		48A8B66B279A933C00886984 /* App */ = {
			isa = PBXGroup;
			children = (
				48A8B657279A8C7900886984 /* AppDelegate.swift */,
				48A8B659279A8C7900886984 /* SceneDelegate.swift */,
			);
			path = App;
			sourceTree = "<group>";
		};
/* End PBXGroup section */

/* Begin PBXNativeTarget section */
		48A8B653279A8C7900886984 /* SideBarApp */ = {
			isa = PBXNativeTarget;
			buildConfigurationList = 48A8B668279A8C7D00886984 /* Build configuration list for PBXNativeTarget "SideBarApp" */;
			buildPhases = (
				48A8B650279A8C7900886984 /* Sources */,
				48A8B651279A8C7900886984 /* Frameworks */,
				48A8B652279A8C7900886984 /* Resources */,
			);
			buildRules = (
			);
			dependencies = (
			);
			name = SideBarApp;
			productName = tryuicollectionview;
			productReference = 48A8B654279A8C7900886984 /* SideBarApp.app */;
			productType = "com.apple.product-type.application";
		};
/* End PBXNativeTarget section */

/* Begin PBXProject section */
		48A8B64C279A8C7900886984 /* Project object */ = {
			isa = PBXProject;
			attributes = {
				BuildIndependentTargetsInParallel = 1;
				LastSwiftUpdateCheck = 1310;
				LastUpgradeCheck = 1310;
				TargetAttributes = {
					48A8B653279A8C7900886984 = {
						CreatedOnToolsVersion = 13.1;
					};
				};
			};
			buildConfigurationList = 48A8B64F279A8C7900886984 /* Build configuration list for PBXProject "SideBarApp" */;
			compatibilityVersion = "Xcode 13.0";
			developmentRegion = en;
			hasScannedForEncodings = 0;
			knownRegions = (
				en,
				Base,
			);
			mainGroup = 48A8B64B279A8C7900886984;
			productRefGroup = 48A8B655279A8C7900886984 /* Products */;
			projectDirPath = "";
			projectRoot = "";
			targets = (
				48A8B653279A8C7900886984 /* SideBarApp */,
			);
		};
/* End PBXProject section */

/* Begin PBXResourcesBuildPhase section */
		48A8B652279A8C7900886984 /* Resources */ = {
			isa = PBXResourcesBuildPhase;
			buildActionMask = 2147483647;
			files = (
				48A8B664279A8C7D00886984 /* LaunchScreen.storyboard in Resources */,
				4810C85D279AFC3300C33FE3 /* Localizable.strings in Resources */,
				48A8B661279A8C7D00886984 /* Assets.xcassets in Resources */,
			);
			runOnlyForDeploymentPostprocessing = 0;
		};
/* End PBXResourcesBuildPhase section */

/* Begin PBXSourcesBuildPhase section */
		48A8B650279A8C7900886984 /* Sources */ = {
			isa = PBXSourcesBuildPhase;
			buildActionMask = 2147483647;
			files = (
				48A8B65C279A8C7900886984 /* PrimaryVC.swift in Sources */,
				4810C847279AF21700C33FE3 /* SecondaryVC.swift in Sources */,
				48A8B658279A8C7900886984 /* AppDelegate.swift in Sources */,
				48A8B65A279A8C7900886984 /* SceneDelegate.swift in Sources */,
			);
			runOnlyForDeploymentPostprocessing = 0;
		};
/* End PBXSourcesBuildPhase section */

/* Begin PBXVariantGroup section */
		4810C85F279AFC3300C33FE3 /* Localizable.strings */ = {
			isa = PBXVariantGroup;
			children = (
				4810C85E279AFC3300C33FE3 /* en */,
			);
			name = Localizable.strings;
			sourceTree = "<group>";
		};
		48A8B662279A8C7D00886984 /* LaunchScreen.storyboard */ = {
			isa = PBXVariantGroup;
			children = (
				48A8B663279A8C7D00886984 /* Base */,
			);
			name = LaunchScreen.storyboard;
			sourceTree = "<group>";
		};
/* End PBXVariantGroup section */

/* Begin XCBuildConfiguration section */
		48A8B666279A8C7D00886984 /* Debug */ = {
			isa = XCBuildConfiguration;
			buildSettings = {
				ALWAYS_SEARCH_USER_PATHS = NO;
				CLANG_ANALYZER_LOCALIZABILITY_NONLOCALIZED = YES;
				CLANG_ANALYZER_NONNULL = YES;
				CLANG_ANALYZER_NUMBER_OBJECT_CONVERSION = YES_AGGRESSIVE;
				CLANG_CXX_LANGUAGE_STANDARD = "gnu++17";
				CLANG_CXX_LIBRARY = "libc++";
				CLANG_ENABLE_MODULES = YES;
				CLANG_ENABLE_OBJC_ARC = YES;
				CLANG_ENABLE_OBJC_WEAK = YES;
				CLANG_WARN_BLOCK_CAPTURE_AUTORELEASING = YES;
				CLANG_WARN_BOOL_CONVERSION = YES;
				CLANG_WARN_COMMA = YES;
				CLANG_WARN_CONSTANT_CONVERSION = YES;
				CLANG_WARN_DEPRECATED_OBJC_IMPLEMENTATIONS = YES;
				CLANG_WARN_DIRECT_OBJC_ISA_USAGE = YES_ERROR;
				CLANG_WARN_DOCUMENTATION_COMMENTS = YES;
				CLANG_WARN_EMPTY_BODY = YES;
				CLANG_WARN_ENUM_CONVERSION = YES;
				CLANG_WARN_INFINITE_RECURSION = YES;
				CLANG_WARN_INT_CONVERSION = YES;
				CLANG_WARN_NON_LITERAL_NULL_CONVERSION = YES;
				CLANG_WARN_OBJC_IMPLICIT_RETAIN_SELF = YES;
				CLANG_WARN_OBJC_LITERAL_CONVERSION = YES;
				CLANG_WARN_OBJC_ROOT_CLASS = YES_ERROR;
				CLANG_WARN_QUOTED_INCLUDE_IN_FRAMEWORK_HEADER = YES;
				CLANG_WARN_RANGE_LOOP_ANALYSIS = YES;
				CLANG_WARN_STRICT_PROTOTYPES = YES;
				CLANG_WARN_SUSPICIOUS_MOVE = YES;
				CLANG_WARN_UNGUARDED_AVAILABILITY = YES_AGGRESSIVE;
				CLANG_WARN_UNREACHABLE_CODE = YES;
				CLANG_WARN__DUPLICATE_METHOD_MATCH = YES;
				COPY_PHASE_STRIP = NO;
				DEBUG_INFORMATION_FORMAT = dwarf;
				ENABLE_STRICT_OBJC_MSGSEND = YES;
				ENABLE_TESTABILITY = YES;
				GCC_C_LANGUAGE_STANDARD = gnu11;
				GCC_DYNAMIC_NO_PIC = NO;
				GCC_NO_COMMON_BLOCKS = YES;
				GCC_OPTIMIZATION_LEVEL = 0;
				GCC_PREPROCESSOR_DEFINITIONS = (
					"DEBUG=1",
					"$(inherited)",
				);
				GCC_WARN_64_TO_32_BIT_CONVERSION = YES;
				GCC_WARN_ABOUT_RETURN_TYPE = YES_ERROR;
				GCC_WARN_UNDECLARED_SELECTOR = YES;
				GCC_WARN_UNINITIALIZED_AUTOS = YES_AGGRESSIVE;
				GCC_WARN_UNUSED_FUNCTION = YES;
				GCC_WARN_UNUSED_VARIABLE = YES;
				IPHONEOS_DEPLOYMENT_TARGET = 15.0;
				MTL_ENABLE_DEBUG_INFO = INCLUDE_SOURCE;
				MTL_FAST_MATH = YES;
				ONLY_ACTIVE_ARCH = YES;
				SDKROOT = iphoneos;
				SWIFT_ACTIVE_COMPILATION_CONDITIONS = DEBUG;
				SWIFT_OPTIMIZATION_LEVEL = "-Onone";
			};
			name = Debug;
		};
		48A8B667279A8C7D00886984 /* Release */ = {
			isa = XCBuildConfiguration;
			buildSettings = {
				ALWAYS_SEARCH_USER_PATHS = NO;
				CLANG_ANALYZER_LOCALIZABILITY_NONLOCALIZED = YES;
				CLANG_ANALYZER_NONNULL = YES;
				CLANG_ANALYZER_NUMBER_OBJECT_CONVERSION = YES_AGGRESSIVE;
				CLANG_CXX_LANGUAGE_STANDARD = "gnu++17";
				CLANG_CXX_LIBRARY = "libc++";
				CLANG_ENABLE_MODULES = YES;
				CLANG_ENABLE_OBJC_ARC = YES;
				CLANG_ENABLE_OBJC_WEAK = YES;
				CLANG_WARN_BLOCK_CAPTURE_AUTORELEASING = YES;
				CLANG_WARN_BOOL_CONVERSION = YES;
				CLANG_WARN_COMMA = YES;
				CLANG_WARN_CONSTANT_CONVERSION = YES;
				CLANG_WARN_DEPRECATED_OBJC_IMPLEMENTATIONS = YES;
				CLANG_WARN_DIRECT_OBJC_ISA_USAGE = YES_ERROR;
				CLANG_WARN_DOCUMENTATION_COMMENTS = YES;
				CLANG_WARN_EMPTY_BODY = YES;
				CLANG_WARN_ENUM_CONVERSION = YES;
				CLANG_WARN_INFINITE_RECURSION = YES;
				CLANG_WARN_INT_CONVERSION = YES;
				CLANG_WARN_NON_LITERAL_NULL_CONVERSION = YES;
				CLANG_WARN_OBJC_IMPLICIT_RETAIN_SELF = YES;
				CLANG_WARN_OBJC_LITERAL_CONVERSION = YES;
				CLANG_WARN_OBJC_ROOT_CLASS = YES_ERROR;
				CLANG_WARN_QUOTED_INCLUDE_IN_FRAMEWORK_HEADER = YES;
				CLANG_WARN_RANGE_LOOP_ANALYSIS = YES;
				CLANG_WARN_STRICT_PROTOTYPES = YES;
				CLANG_WARN_SUSPICIOUS_MOVE = YES;
				CLANG_WARN_UNGUARDED_AVAILABILITY = YES_AGGRESSIVE;
				CLANG_WARN_UNREACHABLE_CODE = YES;
				CLANG_WARN__DUPLICATE_METHOD_MATCH = YES;
				COPY_PHASE_STRIP = NO;
				DEBUG_INFORMATION_FORMAT = "dwarf-with-dsym";
				ENABLE_NS_ASSERTIONS = NO;
				ENABLE_STRICT_OBJC_MSGSEND = YES;
				GCC_C_LANGUAGE_STANDARD = gnu11;
				GCC_NO_COMMON_BLOCKS = YES;
				GCC_WARN_64_TO_32_BIT_CONVERSION = YES;
				GCC_WARN_ABOUT_RETURN_TYPE = YES_ERROR;
				GCC_WARN_UNDECLARED_SELECTOR = YES;
				GCC_WARN_UNINITIALIZED_AUTOS = YES_AGGRESSIVE;
				GCC_WARN_UNUSED_FUNCTION = YES;
				GCC_WARN_UNUSED_VARIABLE = YES;
				IPHONEOS_DEPLOYMENT_TARGET = 15.0;
				MTL_ENABLE_DEBUG_INFO = NO;
				MTL_FAST_MATH = YES;
				SDKROOT = iphoneos;
				SWIFT_COMPILATION_MODE = wholemodule;
				SWIFT_OPTIMIZATION_LEVEL = "-O";
				VALIDATE_PRODUCT = YES;
			};
			name = Release;
		};
		48A8B669279A8C7D00886984 /* Debug */ = {
			isa = XCBuildConfiguration;
			buildSettings = {
				ASSETCATALOG_COMPILER_APPICON_NAME = AppIcon;
				ASSETCATALOG_COMPILER_GLOBAL_ACCENT_COLOR_NAME = AccentColor;
				CODE_SIGN_STYLE = Automatic;
				CURRENT_PROJECT_VERSION = 1;
				DEVELOPMENT_TEAM = C4W6UUH267;
				GENERATE_INFOPLIST_FILE = YES;
				INFOPLIST_FILE = SideBarApp/Info.plist;
				INFOPLIST_KEY_UIApplicationSupportsIndirectInputEvents = YES;
				INFOPLIST_KEY_UILaunchStoryboardName = LaunchScreen;
				INFOPLIST_KEY_UISupportedInterfaceOrientations_iPad = "UIInterfaceOrientationPortrait UIInterfaceOrientationPortraitUpsideDown UIInterfaceOrientationLandscapeLeft UIInterfaceOrientationLandscapeRight";
				INFOPLIST_KEY_UISupportedInterfaceOrientations_iPhone = "UIInterfaceOrientationPortrait UIInterfaceOrientationLandscapeLeft UIInterfaceOrientationLandscapeRight";
				LD_RUNPATH_SEARCH_PATHS = (
					"$(inherited)",
					"@executable_path/Frameworks",
				);
				MARKETING_VERSION = 1.0;
				PRODUCT_BUNDLE_IDENTIFIER = com.yangxijie.SideBarApp;
				PRODUCT_NAME = "$(TARGET_NAME)";
				SWIFT_EMIT_LOC_STRINGS = YES;
				SWIFT_VERSION = 5.0;
				TARGETED_DEVICE_FAMILY = 2;
			};
			name = Debug;
		};
		48A8B66A279A8C7D00886984 /* Release */ = {
			isa = XCBuildConfiguration;
			buildSettings = {
				ASSETCATALOG_COMPILER_APPICON_NAME = AppIcon;
				ASSETCATALOG_COMPILER_GLOBAL_ACCENT_COLOR_NAME = AccentColor;
				CODE_SIGN_STYLE = Automatic;
				CURRENT_PROJECT_VERSION = 1;
				DEVELOPMENT_TEAM = C4W6UUH267;
				GENERATE_INFOPLIST_FILE = YES;
				INFOPLIST_FILE = SideBarApp/Info.plist;
				INFOPLIST_KEY_UIApplicationSupportsIndirectInputEvents = YES;
				INFOPLIST_KEY_UILaunchStoryboardName = LaunchScreen;
				INFOPLIST_KEY_UISupportedInterfaceOrientations_iPad = "UIInterfaceOrientationPortrait UIInterfaceOrientationPortraitUpsideDown UIInterfaceOrientationLandscapeLeft UIInterfaceOrientationLandscapeRight";
				INFOPLIST_KEY_UISupportedInterfaceOrientations_iPhone = "UIInterfaceOrientationPortrait UIInterfaceOrientationLandscapeLeft UIInterfaceOrientationLandscapeRight";
				LD_RUNPATH_SEARCH_PATHS = (
					"$(inherited)",
					"@executable_path/Frameworks",
				);
				MARKETING_VERSION = 1.0;
				PRODUCT_BUNDLE_IDENTIFIER = com.yangxijie.SideBarApp;
				PRODUCT_NAME = "$(TARGET_NAME)";
				SWIFT_EMIT_LOC_STRINGS = YES;
				SWIFT_VERSION = 5.0;
				TARGETED_DEVICE_FAMILY = 2;
			};
			name = Release;
		};
/* End XCBuildConfiguration section */

/* Begin XCConfigurationList section */
		48A8B64F279A8C7900886984 /* Build configuration list for PBXProject "SideBarApp" */ = {
			isa = XCConfigurationList;
			buildConfigurations = (
				48A8B666279A8C7D00886984 /* Debug */,
				48A8B667279A8C7D00886984 /* Release */,
			);
			defaultConfigurationIsVisible = 0;
			defaultConfigurationName = Release;
		};
		48A8B668279A8C7D00886984 /* Build configuration list for PBXNativeTarget "SideBarApp" */ = {
			isa = XCConfigurationList;
			buildConfigurations = (
				48A8B669279A8C7D00886984 /* Debug */,
				48A8B66A279A8C7D00886984 /* Release */,
			);
			defaultConfigurationIsVisible = 0;
			defaultConfigurationName = Release;
		};
/* End XCConfigurationList section */
	};
	rootObject = 48A8B64C279A8C7900886984 /* Project object */;
}
